
Microsoft Visual Studio Solution File, Format Version 12.00
<<<<<<< HEAD
# Visual Studio 15
VisualStudioVersion = 15.0.28307.902
=======
# Visual Studio Version 16
VisualStudioVersion = 16.0.29503.13
>>>>>>> 8b760e519247a77682695b6c1b8343f62f903523
MinimumVisualStudioVersion = 10.0.40219.1
Project("{FAE04EC0-301F-11D3-BF4B-00C04F79EFBC}") = "EFEntities", "EFEntities\EFEntities.csproj", "{B9A5FB98-A31F-425C-835E-92041E399B78}"
EndProject
Project("{FAE04EC0-301F-11D3-BF4B-00C04F79EFBC}") = "MVCWebUI", "MVCWebUI\MVCWebUI.csproj", "{716F0BE3-9156-4D78-9EB4-66EB68931E79}"
EndProject
Project("{FAE04EC0-301F-11D3-BF4B-00C04F79EFBC}") = "EFDTO", "EFDTO\EFDTO.csproj", "{1DD9DE0D-1831-4FED-9F67-D6FCDBAA4309}"
EndProject
Project("{FAE04EC0-301F-11D3-BF4B-00C04F79EFBC}") = "EFDAL", "EFDAL\EFDAL.csproj", "{189C780E-B89D-4C72-B3F3-17A395F2594A}"
EndProject
Project("{FAE04EC0-301F-11D3-BF4B-00C04F79EFBC}") = "EFBLL", "EFBLL\EFBLL.csproj", "{7830AE95-57F1-4120-955F-2452D1A9A9D4}"
EndProject
Global
	GlobalSection(SolutionConfigurationPlatforms) = preSolution
		Debug|Any CPU = Debug|Any CPU
		Release|Any CPU = Release|Any CPU
	EndGlobalSection
	GlobalSection(ProjectConfigurationPlatforms) = postSolution
		{B9A5FB98-A31F-425C-835E-92041E399B78}.Debug|Any CPU.ActiveCfg = Debug|Any CPU
		{B9A5FB98-A31F-425C-835E-92041E399B78}.Debug|Any CPU.Build.0 = Debug|Any CPU
		{B9A5FB98-A31F-425C-835E-92041E399B78}.Release|Any CPU.ActiveCfg = Release|Any CPU
		{B9A5FB98-A31F-425C-835E-92041E399B78}.Release|Any CPU.Build.0 = Release|Any CPU
		{716F0BE3-9156-4D78-9EB4-66EB68931E79}.Debug|Any CPU.ActiveCfg = Debug|Any CPU
		{716F0BE3-9156-4D78-9EB4-66EB68931E79}.Debug|Any CPU.Build.0 = Debug|Any CPU
		{716F0BE3-9156-4D78-9EB4-66EB68931E79}.Release|Any CPU.ActiveCfg = Release|Any CPU
		{716F0BE3-9156-4D78-9EB4-66EB68931E79}.Release|Any CPU.Build.0 = Release|Any CPU
		{1DD9DE0D-1831-4FED-9F67-D6FCDBAA4309}.Debug|Any CPU.ActiveCfg = Debug|Any CPU
		{1DD9DE0D-1831-4FED-9F67-D6FCDBAA4309}.Debug|Any CPU.Build.0 = Debug|Any CPU
		{1DD9DE0D-1831-4FED-9F67-D6FCDBAA4309}.Release|Any CPU.ActiveCfg = Release|Any CPU
		{1DD9DE0D-1831-4FED-9F67-D6FCDBAA4309}.Release|Any CPU.Build.0 = Release|Any CPU
		{189C780E-B89D-4C72-B3F3-17A395F2594A}.Debug|Any CPU.ActiveCfg = Debug|Any CPU
		{189C780E-B89D-4C72-B3F3-17A395F2594A}.Debug|Any CPU.Build.0 = Debug|Any CPU
		{189C780E-B89D-4C72-B3F3-17A395F2594A}.Release|Any CPU.ActiveCfg = Release|Any CPU
		{189C780E-B89D-4C72-B3F3-17A395F2594A}.Release|Any CPU.Build.0 = Release|Any CPU
		{7830AE95-57F1-4120-955F-2452D1A9A9D4}.Debug|Any CPU.ActiveCfg = Debug|Any CPU
		{7830AE95-57F1-4120-955F-2452D1A9A9D4}.Debug|Any CPU.Build.0 = Debug|Any CPU
		{7830AE95-57F1-4120-955F-2452D1A9A9D4}.Release|Any CPU.ActiveCfg = Release|Any CPU
		{7830AE95-57F1-4120-955F-2452D1A9A9D4}.Release|Any CPU.Build.0 = Release|Any CPU
	EndGlobalSection
	GlobalSection(SolutionProperties) = preSolution
		HideSolutionNode = FALSE
	EndGlobalSection
	GlobalSection(ExtensibilityGlobals) = postSolution
		SolutionGuid = {440740EF-C868-4BCE-94E1-6CEC8997C37E}
	EndGlobalSection
EndGlobal
